// !$*UTF8*$!
{
	archiveVersion = 1;
	classes = {
	};
	objectVersion = 55;
	objects = {

/* Begin PBXBuildFile section */
		2F1CD8E82AB0FC1A007D5B5B /* ShopViewController.swift in Sources */ = {isa = PBXBuildFile; fileRef = 2F1CD8E72AB0FC1A007D5B5B /* ShopViewController.swift */; };
		2F1CD8EA2AB100C3007D5B5B /* Store.swift in Sources */ = {isa = PBXBuildFile; fileRef = 2F1CD8E92AB100C3007D5B5B /* Store.swift */; };
		2F1CD8EC2AB1013C007D5B5B /* StoreCollectionViewCell.swift in Sources */ = {isa = PBXBuildFile; fileRef = 2F1CD8EB2AB1013B007D5B5B /* StoreCollectionViewCell.swift */; };
		2FD3C18E2BB2058000427B07 /* NewsViewController.swift in Sources */ = {isa = PBXBuildFile; fileRef = 2FD3C18D2BB2058000427B07 /* NewsViewController.swift */; };
		2FD3C1902BB2063A00427B07 /* SupportViewController.swift in Sources */ = {isa = PBXBuildFile; fileRef = 2FD3C18F2BB2063A00427B07 /* SupportViewController.swift */; };
		2FD3C1922BB4C55A00427B07 /* ItemsByCategory.swift in Sources */ = {isa = PBXBuildFile; fileRef = 2FD3C1912BB4C55A00427B07 /* ItemsByCategory.swift */; };
		2FF56EA82A685E690016EE2C /* AppDelegate.swift in Sources */ = {isa = PBXBuildFile; fileRef = 2FF56EA72A685E690016EE2C /* AppDelegate.swift */; };
		2FF56EAA2A685E690016EE2C /* SceneDelegate.swift in Sources */ = {isa = PBXBuildFile; fileRef = 2FF56EA92A685E690016EE2C /* SceneDelegate.swift */; };
		2FF56EAC2A685E690016EE2C /* ViewController.swift in Sources */ = {isa = PBXBuildFile; fileRef = 2FF56EAB2A685E690016EE2C /* ViewController.swift */; };
		2FF56EB12A685E6A0016EE2C /* Assets.xcassets in Resources */ = {isa = PBXBuildFile; fileRef = 2FF56EB02A685E6A0016EE2C /* Assets.xcassets */; };
		2FF56EB42A685E6A0016EE2C /* LaunchScreen.storyboard in Resources */ = {isa = PBXBuildFile; fileRef = 2FF56EB22A685E6A0016EE2C /* LaunchScreen.storyboard */; };
		2FF56EBF2A685E6B0016EE2C /* MbcMallAppTests.swift in Sources */ = {isa = PBXBuildFile; fileRef = 2FF56EBE2A685E6B0016EE2C /* MbcMallAppTests.swift */; };
		2FF56EC92A685E6B0016EE2C /* MbcMallAppUITests.swift in Sources */ = {isa = PBXBuildFile; fileRef = 2FF56EC82A685E6B0016EE2C /* MbcMallAppUITests.swift */; };
		2FF56ECB2A685E6B0016EE2C /* MbcMallAppUITestsLaunchTests.swift in Sources */ = {isa = PBXBuildFile; fileRef = 2FF56ECA2A685E6B0016EE2C /* MbcMallAppUITestsLaunchTests.swift */; };
		2FF56EDA2A6EF8560016EE2C /* mbcOptionsCollectionViewCell.swift in Sources */ = {isa = PBXBuildFile; fileRef = 2FF56ED92A6EF8560016EE2C /* mbcOptionsCollectionViewCell.swift */; };
		2FF56EDF2A71A6620016EE2C /* Posts.swift in Sources */ = {isa = PBXBuildFile; fileRef = 2FF56EDE2A71A6620016EE2C /* Posts.swift */; };
/* End PBXBuildFile section */

/* Begin PBXContainerItemProxy section */
		2FF56EBB2A685E6A0016EE2C /* PBXContainerItemProxy */ = {
			isa = PBXContainerItemProxy;
			containerPortal = 2FF56E9C2A685E690016EE2C /* Project object */;
			proxyType = 1;
			remoteGlobalIDString = 2FF56EA32A685E690016EE2C;
			remoteInfo = MbcMallApp;
		};
		2FF56EC52A685E6B0016EE2C /* PBXContainerItemProxy */ = {
			isa = PBXContainerItemProxy;
			containerPortal = 2FF56E9C2A685E690016EE2C /* Project object */;
			proxyType = 1;
			remoteGlobalIDString = 2FF56EA32A685E690016EE2C;
			remoteInfo = MbcMallApp;
		};
/* End PBXContainerItemProxy section */

/* Begin PBXFileReference section */
		2F1CD8E72AB0FC1A007D5B5B /* ShopViewController.swift */ = {isa = PBXFileReference; lastKnownFileType = sourcecode.swift; path = ShopViewController.swift; sourceTree = "<group>"; };
		2F1CD8E92AB100C3007D5B5B /* Store.swift */ = {isa = PBXFileReference; lastKnownFileType = sourcecode.swift; path = Store.swift; sourceTree = "<group>"; };
		2F1CD8EB2AB1013B007D5B5B /* StoreCollectionViewCell.swift */ = {isa = PBXFileReference; lastKnownFileType = sourcecode.swift; path = StoreCollectionViewCell.swift; sourceTree = "<group>"; };
		2FD3C18D2BB2058000427B07 /* NewsViewController.swift */ = {isa = PBXFileReference; lastKnownFileType = sourcecode.swift; path = NewsViewController.swift; sourceTree = "<group>"; };
		2FD3C18F2BB2063A00427B07 /* SupportViewController.swift */ = {isa = PBXFileReference; lastKnownFileType = sourcecode.swift; path = SupportViewController.swift; sourceTree = "<group>"; };
		2FD3C1912BB4C55A00427B07 /* ItemsByCategory.swift */ = {isa = PBXFileReference; lastKnownFileType = sourcecode.swift; path = ItemsByCategory.swift; sourceTree = "<group>"; };
		2FF56EA42A685E690016EE2C /* MbcMallApp.app */ = {isa = PBXFileReference; explicitFileType = wrapper.application; includeInIndex = 0; path = MbcMallApp.app; sourceTree = BUILT_PRODUCTS_DIR; };
		2FF56EA72A685E690016EE2C /* AppDelegate.swift */ = {isa = PBXFileReference; lastKnownFileType = sourcecode.swift; path = AppDelegate.swift; sourceTree = "<group>"; };
		2FF56EA92A685E690016EE2C /* SceneDelegate.swift */ = {isa = PBXFileReference; lastKnownFileType = sourcecode.swift; path = SceneDelegate.swift; sourceTree = "<group>"; };
		2FF56EAB2A685E690016EE2C /* ViewController.swift */ = {isa = PBXFileReference; lastKnownFileType = sourcecode.swift; path = ViewController.swift; sourceTree = "<group>"; };
		2FF56EB02A685E6A0016EE2C /* Assets.xcassets */ = {isa = PBXFileReference; lastKnownFileType = folder.assetcatalog; path = Assets.xcassets; sourceTree = "<group>"; };
		2FF56EB32A685E6A0016EE2C /* Base */ = {isa = PBXFileReference; lastKnownFileType = file.storyboard; name = Base; path = Base.lproj/LaunchScreen.storyboard; sourceTree = "<group>"; };
		2FF56EB52A685E6A0016EE2C /* Info.plist */ = {isa = PBXFileReference; lastKnownFileType = text.plist.xml; path = Info.plist; sourceTree = "<group>"; };
		2FF56EBA2A685E6A0016EE2C /* MbcMallAppTests.xctest */ = {isa = PBXFileReference; explicitFileType = wrapper.cfbundle; includeInIndex = 0; path = MbcMallAppTests.xctest; sourceTree = BUILT_PRODUCTS_DIR; };
		2FF56EBE2A685E6B0016EE2C /* MbcMallAppTests.swift */ = {isa = PBXFileReference; lastKnownFileType = sourcecode.swift; path = MbcMallAppTests.swift; sourceTree = "<group>"; };
		2FF56EC42A685E6B0016EE2C /* MbcMallAppUITests.xctest */ = {isa = PBXFileReference; explicitFileType = wrapper.cfbundle; includeInIndex = 0; path = MbcMallAppUITests.xctest; sourceTree = BUILT_PRODUCTS_DIR; };
		2FF56EC82A685E6B0016EE2C /* MbcMallAppUITests.swift */ = {isa = PBXFileReference; lastKnownFileType = sourcecode.swift; path = MbcMallAppUITests.swift; sourceTree = "<group>"; };
		2FF56ECA2A685E6B0016EE2C /* MbcMallAppUITestsLaunchTests.swift */ = {isa = PBXFileReference; lastKnownFileType = sourcecode.swift; path = MbcMallAppUITestsLaunchTests.swift; sourceTree = "<group>"; };
		2FF56ED92A6EF8560016EE2C /* mbcOptionsCollectionViewCell.swift */ = {isa = PBXFileReference; lastKnownFileType = sourcecode.swift; path = mbcOptionsCollectionViewCell.swift; sourceTree = "<group>"; };
		2FF56EDE2A71A6620016EE2C /* Posts.swift */ = {isa = PBXFileReference; lastKnownFileType = sourcecode.swift; path = Posts.swift; sourceTree = "<group>"; };
/* End PBXFileReference section */

/* Begin PBXFrameworksBuildPhase section */
		2FF56EA12A685E690016EE2C /* Frameworks */ = {
			isa = PBXFrameworksBuildPhase;
			buildActionMask = 2147483647;
			files = (
			);
			runOnlyForDeploymentPostprocessing = 0;
		};
		2FF56EB72A685E6A0016EE2C /* Frameworks */ = {
			isa = PBXFrameworksBuildPhase;
			buildActionMask = 2147483647;
			files = (
			);
			runOnlyForDeploymentPostprocessing = 0;
		};
		2FF56EC12A685E6B0016EE2C /* Frameworks */ = {
			isa = PBXFrameworksBuildPhase;
			buildActionMask = 2147483647;
			files = (
			);
			runOnlyForDeploymentPostprocessing = 0;
		};
/* End PBXFrameworksBuildPhase section */

/* Begin PBXGroup section */
		2FF56E9B2A685E690016EE2C = {
			isa = PBXGroup;
			children = (
				2FF56EA62A685E690016EE2C /* MbcMallApp */,
				2FF56EBD2A685E6B0016EE2C /* MbcMallAppTests */,
				2FF56EC72A685E6B0016EE2C /* MbcMallAppUITests */,
				2FF56EA52A685E690016EE2C /* Products */,
			);
			sourceTree = "<group>";
		};
		2FF56EA52A685E690016EE2C /* Products */ = {
			isa = PBXGroup;
			children = (
				2FF56EA42A685E690016EE2C /* MbcMallApp.app */,
				2FF56EBA2A685E6A0016EE2C /* MbcMallAppTests.xctest */,
				2FF56EC42A685E6B0016EE2C /* MbcMallAppUITests.xctest */,
			);
			name = Products;
			sourceTree = "<group>";
		};
		2FF56EA62A685E690016EE2C /* MbcMallApp */ = {
			isa = PBXGroup;
			children = (
				2FF56EDB2A71A6000016EE2C /* Model */,
				2FF56ED72A6ED32C0016EE2C /* View */,
				2FF56EA72A685E690016EE2C /* AppDelegate.swift */,
				2FF56EA92A685E690016EE2C /* SceneDelegate.swift */,
				2FF56EB02A685E6A0016EE2C /* Assets.xcassets */,
				2FF56EB22A685E6A0016EE2C /* LaunchScreen.storyboard */,
				2FF56EB52A685E6A0016EE2C /* Info.plist */,
			);
			path = MbcMallApp;
			sourceTree = "<group>";
		};
		2FF56EBD2A685E6B0016EE2C /* MbcMallAppTests */ = {
			isa = PBXGroup;
			children = (
				2FF56EBE2A685E6B0016EE2C /* MbcMallAppTests.swift */,
			);
			path = MbcMallAppTests;
			sourceTree = "<group>";
		};
		2FF56EC72A685E6B0016EE2C /* MbcMallAppUITests */ = {
			isa = PBXGroup;
			children = (
				2FF56EC82A685E6B0016EE2C /* MbcMallAppUITests.swift */,
				2FF56ECA2A685E6B0016EE2C /* MbcMallAppUITestsLaunchTests.swift */,
			);
			path = MbcMallAppUITests;
			sourceTree = "<group>";
		};
		2FF56ED72A6ED32C0016EE2C /* View */ = {
			isa = PBXGroup;
			children = (
				2FF56ED82A6EF8120016EE2C /* Cell */,
				2FF56EAB2A685E690016EE2C /* ViewController.swift */,
				2F1CD8E72AB0FC1A007D5B5B /* ShopViewController.swift */,
				2FD3C18D2BB2058000427B07 /* NewsViewController.swift */,
				2FD3C18F2BB2063A00427B07 /* SupportViewController.swift */,
			);
			path = View;
			sourceTree = "<group>";
		};
		2FF56ED82A6EF8120016EE2C /* Cell */ = {
			isa = PBXGroup;
			children = (
				2FF56ED92A6EF8560016EE2C /* mbcOptionsCollectionViewCell.swift */,
				2F1CD8EB2AB1013B007D5B5B /* StoreCollectionViewCell.swift */,
			);
			path = Cell;
			sourceTree = "<group>";
		};
		2FF56EDB2A71A6000016EE2C /* Model */ = {
			isa = PBXGroup;
			children = (
				2FF56EDE2A71A6620016EE2C /* Posts.swift */,
				2F1CD8E92AB100C3007D5B5B /* Store.swift */,
				2FD3C1912BB4C55A00427B07 /* ItemsByCategory.swift */,
			);
			path = Model;
			sourceTree = "<group>";
		};
/* End PBXGroup section */

/* Begin PBXNativeTarget section */
		2FF56EA32A685E690016EE2C /* MbcMallApp */ = {
			isa = PBXNativeTarget;
			buildConfigurationList = 2FF56ECE2A685E6B0016EE2C /* Build configuration list for PBXNativeTarget "MbcMallApp" */;
			buildPhases = (
				2FF56EA02A685E690016EE2C /* Sources */,
				2FF56EA12A685E690016EE2C /* Frameworks */,
				2FF56EA22A685E690016EE2C /* Resources */,
			);
			buildRules = (
			);
			dependencies = (
			);
			name = MbcMallApp;
			productName = MbcMallApp;
			productReference = 2FF56EA42A685E690016EE2C /* MbcMallApp.app */;
			productType = "com.apple.product-type.application";
		};
		2FF56EB92A685E6A0016EE2C /* MbcMallAppTests */ = {
			isa = PBXNativeTarget;
			buildConfigurationList = 2FF56ED12A685E6B0016EE2C /* Build configuration list for PBXNativeTarget "MbcMallAppTests" */;
			buildPhases = (
				2FF56EB62A685E6A0016EE2C /* Sources */,
				2FF56EB72A685E6A0016EE2C /* Frameworks */,
				2FF56EB82A685E6A0016EE2C /* Resources */,
			);
			buildRules = (
			);
			dependencies = (
				2FF56EBC2A685E6A0016EE2C /* PBXTargetDependency */,
			);
			name = MbcMallAppTests;
			productName = MbcMallAppTests;
			productReference = 2FF56EBA2A685E6A0016EE2C /* MbcMallAppTests.xctest */;
			productType = "com.apple.product-type.bundle.unit-test";
		};
		2FF56EC32A685E6B0016EE2C /* MbcMallAppUITests */ = {
			isa = PBXNativeTarget;
			buildConfigurationList = 2FF56ED42A685E6B0016EE2C /* Build configuration list for PBXNativeTarget "MbcMallAppUITests" */;
			buildPhases = (
				2FF56EC02A685E6B0016EE2C /* Sources */,
				2FF56EC12A685E6B0016EE2C /* Frameworks */,
				2FF56EC22A685E6B0016EE2C /* Resources */,
			);
			buildRules = (
			);
			dependencies = (
				2FF56EC62A685E6B0016EE2C /* PBXTargetDependency */,
			);
			name = MbcMallAppUITests;
			productName = MbcMallAppUITests;
			productReference = 2FF56EC42A685E6B0016EE2C /* MbcMallAppUITests.xctest */;
			productType = "com.apple.product-type.bundle.ui-testing";
		};
/* End PBXNativeTarget section */

/* Begin PBXProject section */
		2FF56E9C2A685E690016EE2C /* Project object */ = {
			isa = PBXProject;
			attributes = {
				BuildIndependentTargetsInParallel = 1;
				LastSwiftUpdateCheck = 1310;
				LastUpgradeCheck = 1310;
				TargetAttributes = {
					2FF56EA32A685E690016EE2C = {
						CreatedOnToolsVersion = 13.1;
					};
					2FF56EB92A685E6A0016EE2C = {
						CreatedOnToolsVersion = 13.1;
						TestTargetID = 2FF56EA32A685E690016EE2C;
					};
					2FF56EC32A685E6B0016EE2C = {
						CreatedOnToolsVersion = 13.1;
						TestTargetID = 2FF56EA32A685E690016EE2C;
					};
				};
			};
			buildConfigurationList = 2FF56E9F2A685E690016EE2C /* Build configuration list for PBXProject "MbcMallApp" */;
			compatibilityVersion = "Xcode 13.0";
			developmentRegion = en;
			hasScannedForEncodings = 0;
			knownRegions = (
				en,
				Base,
			);
			mainGroup = 2FF56E9B2A685E690016EE2C;
			productRefGroup = 2FF56EA52A685E690016EE2C /* Products */;
			projectDirPath = "";
			projectRoot = "";
			targets = (
				2FF56EA32A685E690016EE2C /* MbcMallApp */,
				2FF56EB92A685E6A0016EE2C /* MbcMallAppTests */,
				2FF56EC32A685E6B0016EE2C /* MbcMallAppUITests */,
			);
		};
/* End PBXProject section */

/* Begin PBXResourcesBuildPhase section */
		2FF56EA22A685E690016EE2C /* Resources */ = {
			isa = PBXResourcesBuildPhase;
			buildActionMask = 2147483647;
			files = (
				2FF56EB42A685E6A0016EE2C /* LaunchScreen.storyboard in Resources */,
				2FF56EB12A685E6A0016EE2C /* Assets.xcassets in Resources */,
			);
			runOnlyForDeploymentPostprocessing = 0;
		};
		2FF56EB82A685E6A0016EE2C /* Resources */ = {
			isa = PBXResourcesBuildPhase;
			buildActionMask = 2147483647;
			files = (
			);
			runOnlyForDeploymentPostprocessing = 0;
		};
		2FF56EC22A685E6B0016EE2C /* Resources */ = {
			isa = PBXResourcesBuildPhase;
			buildActionMask = 2147483647;
			files = (
			);
			runOnlyForDeploymentPostprocessing = 0;
		};
/* End PBXResourcesBuildPhase section */

/* Begin PBXSourcesBuildPhase section */
		2FF56EA02A685E690016EE2C /* Sources */ = {
			isa = PBXSourcesBuildPhase;
			buildActionMask = 2147483647;
			files = (
				2F1CD8EA2AB100C3007D5B5B /* Store.swift in Sources */,
				2FF56EAC2A685E690016EE2C /* ViewController.swift in Sources */,
				2FF56EA82A685E690016EE2C /* AppDelegate.swift in Sources */,
				2F1CD8E82AB0FC1A007D5B5B /* ShopViewController.swift in Sources */,
				2F1CD8EC2AB1013C007D5B5B /* StoreCollectionViewCell.swift in Sources */,
				2FF56EDF2A71A6620016EE2C /* Posts.swift in Sources */,
				2FD3C18E2BB2058000427B07 /* NewsViewController.swift in Sources */,
				2FF56EDA2A6EF8560016EE2C /* mbcOptionsCollectionViewCell.swift in Sources */,
				2FD3C1902BB2063A00427B07 /* SupportViewController.swift in Sources */,
				2FF56EAA2A685E690016EE2C /* SceneDelegate.swift in Sources */,
				2FD3C1922BB4C55A00427B07 /* ItemsByCategory.swift in Sources */,
			);
			runOnlyForDeploymentPostprocessing = 0;
		};
		2FF56EB62A685E6A0016EE2C /* Sources */ = {
			isa = PBXSourcesBuildPhase;
			buildActionMask = 2147483647;
			files = (
				2FF56EBF2A685E6B0016EE2C /* MbcMallAppTests.swift in Sources */,
			);
			runOnlyForDeploymentPostprocessing = 0;
		};
		2FF56EC02A685E6B0016EE2C /* Sources */ = {
			isa = PBXSourcesBuildPhase;
			buildActionMask = 2147483647;
			files = (
				2FF56EC92A685E6B0016EE2C /* MbcMallAppUITests.swift in Sources */,
				2FF56ECB2A685E6B0016EE2C /* MbcMallAppUITestsLaunchTests.swift in Sources */,
			);
			runOnlyForDeploymentPostprocessing = 0;
		};
/* End PBXSourcesBuildPhase section */

/* Begin PBXTargetDependency section */
		2FF56EBC2A685E6A0016EE2C /* PBXTargetDependency */ = {
			isa = PBXTargetDependency;
			target = 2FF56EA32A685E690016EE2C /* MbcMallApp */;
			targetProxy = 2FF56EBB2A685E6A0016EE2C /* PBXContainerItemProxy */;
		};
		2FF56EC62A685E6B0016EE2C /* PBXTargetDependency */ = {
			isa = PBXTargetDependency;
			target = 2FF56EA32A685E690016EE2C /* MbcMallApp */;
			targetProxy = 2FF56EC52A685E6B0016EE2C /* PBXContainerItemProxy */;
		};
/* End PBXTargetDependency section */

/* Begin PBXVariantGroup section */
		2FF56EB22A685E6A0016EE2C /* LaunchScreen.storyboard */ = {
			isa = PBXVariantGroup;
			children = (
				2FF56EB32A685E6A0016EE2C /* Base */,
			);
			name = LaunchScreen.storyboard;
			sourceTree = "<group>";
		};
/* End PBXVariantGroup section */

/* Begin XCBuildConfiguration section */
		2FF56ECC2A685E6B0016EE2C /* Debug */ = {
			isa = XCBuildConfiguration;
			buildSettings = {
				ALWAYS_SEARCH_USER_PATHS = NO;
				CLANG_ANALYZER_NONNULL = YES;
				CLANG_ANALYZER_NUMBER_OBJECT_CONVERSION = YES_AGGRESSIVE;
				CLANG_CXX_LANGUAGE_STANDARD = "gnu++17";
				CLANG_CXX_LIBRARY = "libc++";
				CLANG_ENABLE_MODULES = YES;
				CLANG_ENABLE_OBJC_ARC = YES;
				CLANG_ENABLE_OBJC_WEAK = YES;
				CLANG_WARN_BLOCK_CAPTURE_AUTORELEASING = YES;
				CLANG_WARN_BOOL_CONVERSION = YES;
				CLANG_WARN_COMMA = YES;
				CLANG_WARN_CONSTANT_CONVERSION = YES;
				CLANG_WARN_DEPRECATED_OBJC_IMPLEMENTATIONS = YES;
				CLANG_WARN_DIRECT_OBJC_ISA_USAGE = YES_ERROR;
				CLANG_WARN_DOCUMENTATION_COMMENTS = YES;
				CLANG_WARN_EMPTY_BODY = YES;
				CLANG_WARN_ENUM_CONVERSION = YES;
				CLANG_WARN_INFINITE_RECURSION = YES;
				CLANG_WARN_INT_CONVERSION = YES;
				CLANG_WARN_NON_LITERAL_NULL_CONVERSION = YES;
				CLANG_WARN_OBJC_IMPLICIT_RETAIN_SELF = YES;
				CLANG_WARN_OBJC_LITERAL_CONVERSION = YES;
				CLANG_WARN_OBJC_ROOT_CLASS = YES_ERROR;
				CLANG_WARN_QUOTED_INCLUDE_IN_FRAMEWORK_HEADER = YES;
				CLANG_WARN_RANGE_LOOP_ANALYSIS = YES;
				CLANG_WARN_STRICT_PROTOTYPES = YES;
				CLANG_WARN_SUSPICIOUS_MOVE = YES;
				CLANG_WARN_UNGUARDED_AVAILABILITY = YES_AGGRESSIVE;
				CLANG_WARN_UNREACHABLE_CODE = YES;
				CLANG_WARN__DUPLICATE_METHOD_MATCH = YES;
				COPY_PHASE_STRIP = NO;
				DEBUG_INFORMATION_FORMAT = dwarf;
				ENABLE_STRICT_OBJC_MSGSEND = YES;
				ENABLE_TESTABILITY = YES;
				GCC_C_LANGUAGE_STANDARD = gnu11;
				GCC_DYNAMIC_NO_PIC = NO;
				GCC_NO_COMMON_BLOCKS = YES;
				GCC_OPTIMIZATION_LEVEL = 0;
				GCC_PREPROCESSOR_DEFINITIONS = (
					"DEBUG=1",
					"$(inherited)",
				);
				GCC_WARN_64_TO_32_BIT_CONVERSION = YES;
				GCC_WARN_ABOUT_RETURN_TYPE = YES_ERROR;
				GCC_WARN_UNDECLARED_SELECTOR = YES;
				GCC_WARN_UNINITIALIZED_AUTOS = YES_AGGRESSIVE;
				GCC_WARN_UNUSED_FUNCTION = YES;
				GCC_WARN_UNUSED_VARIABLE = YES;
				IPHONEOS_DEPLOYMENT_TARGET = 15.0;
				MTL_ENABLE_DEBUG_INFO = INCLUDE_SOURCE;
				MTL_FAST_MATH = YES;
				ONLY_ACTIVE_ARCH = YES;
				SDKROOT = iphoneos;
				SWIFT_ACTIVE_COMPILATION_CONDITIONS = DEBUG;
				SWIFT_OPTIMIZATION_LEVEL = "-Onone";
			};
			name = Debug;
		};
		2FF56ECD2A685E6B0016EE2C /* Release */ = {
			isa = XCBuildConfiguration;
			buildSettings = {
				ALWAYS_SEARCH_USER_PATHS = NO;
				CLANG_ANALYZER_NONNULL = YES;
				CLANG_ANALYZER_NUMBER_OBJECT_CONVERSION = YES_AGGRESSIVE;
				CLANG_CXX_LANGUAGE_STANDARD = "gnu++17";
				CLANG_CXX_LIBRARY = "libc++";
				CLANG_ENABLE_MODULES = YES;
				CLANG_ENABLE_OBJC_ARC = YES;
				CLANG_ENABLE_OBJC_WEAK = YES;
				CLANG_WARN_BLOCK_CAPTURE_AUTORELEASING = YES;
				CLANG_WARN_BOOL_CONVERSION = YES;
				CLANG_WARN_COMMA = YES;
				CLANG_WARN_CONSTANT_CONVERSION = YES;
				CLANG_WARN_DEPRECATED_OBJC_IMPLEMENTATIONS = YES;
				CLANG_WARN_DIRECT_OBJC_ISA_USAGE = YES_ERROR;
				CLANG_WARN_DOCUMENTATION_COMMENTS = YES;
				CLANG_WARN_EMPTY_BODY = YES;
				CLANG_WARN_ENUM_CONVERSION = YES;
				CLANG_WARN_INFINITE_RECURSION = YES;
				CLANG_WARN_INT_CONVERSION = YES;
				CLANG_WARN_NON_LITERAL_NULL_CONVERSION = YES;
				CLANG_WARN_OBJC_IMPLICIT_RETAIN_SELF = YES;
				CLANG_WARN_OBJC_LITERAL_CONVERSION = YES;
				CLANG_WARN_OBJC_ROOT_CLASS = YES_ERROR;
				CLANG_WARN_QUOTED_INCLUDE_IN_FRAMEWORK_HEADER = YES;
				CLANG_WARN_RANGE_LOOP_ANALYSIS = YES;
				CLANG_WARN_STRICT_PROTOTYPES = YES;
				CLANG_WARN_SUSPICIOUS_MOVE = YES;
				CLANG_WARN_UNGUARDED_AVAILABILITY = YES_AGGRESSIVE;
				CLANG_WARN_UNREACHABLE_CODE = YES;
				CLANG_WARN__DUPLICATE_METHOD_MATCH = YES;
				COPY_PHASE_STRIP = NO;
				DEBUG_INFORMATION_FORMAT = "dwarf-with-dsym";
				ENABLE_NS_ASSERTIONS = NO;
				ENABLE_STRICT_OBJC_MSGSEND = YES;
				GCC_C_LANGUAGE_STANDARD = gnu11;
				GCC_NO_COMMON_BLOCKS = YES;
				GCC_WARN_64_TO_32_BIT_CONVERSION = YES;
				GCC_WARN_ABOUT_RETURN_TYPE = YES_ERROR;
				GCC_WARN_UNDECLARED_SELECTOR = YES;
				GCC_WARN_UNINITIALIZED_AUTOS = YES_AGGRESSIVE;
				GCC_WARN_UNUSED_FUNCTION = YES;
				GCC_WARN_UNUSED_VARIABLE = YES;
				IPHONEOS_DEPLOYMENT_TARGET = 15.0;
				MTL_ENABLE_DEBUG_INFO = NO;
				MTL_FAST_MATH = YES;
				SDKROOT = iphoneos;
				SWIFT_COMPILATION_MODE = wholemodule;
				SWIFT_OPTIMIZATION_LEVEL = "-O";
				VALIDATE_PRODUCT = YES;
			};
			name = Release;
		};
		2FF56ECF2A685E6B0016EE2C /* Debug */ = {
			isa = XCBuildConfiguration;
			buildSettings = {
				ASSETCATALOG_COMPILER_APPICON_NAME = AppIcon;
				ASSETCATALOG_COMPILER_GLOBAL_ACCENT_COLOR_NAME = AccentColor;
				CODE_SIGN_STYLE = Automatic;
				CURRENT_PROJECT_VERSION = 1;
				DEVELOPMENT_TEAM = XG5AARXYZ4;
				GENERATE_INFOPLIST_FILE = YES;
				INFOPLIST_FILE = MbcMallApp/Info.plist;
				INFOPLIST_KEY_UIApplicationSupportsIndirectInputEvents = YES;
				INFOPLIST_KEY_UILaunchStoryboardName = LaunchScreen;
				INFOPLIST_KEY_UISupportedInterfaceOrientations_iPad = "UIInterfaceOrientationPortrait UIInterfaceOrientationPortraitUpsideDown UIInterfaceOrientationLandscapeLeft UIInterfaceOrientationLandscapeRight";
				INFOPLIST_KEY_UISupportedInterfaceOrientations_iPhone = "UIInterfaceOrientationPortrait UIInterfaceOrientationLandscapeLeft UIInterfaceOrientationLandscapeRight";
				LD_RUNPATH_SEARCH_PATHS = (
					"$(inherited)",
					"@executable_path/Frameworks",
				);
				MARKETING_VERSION = 1.0;
				PRODUCT_BUNDLE_IDENTIFIER = com.mdionisio.MbcMallApp;
				PRODUCT_NAME = "$(TARGET_NAME)";
				SWIFT_EMIT_LOC_STRINGS = YES;
				SWIFT_VERSION = 5.0;
				TARGETED_DEVICE_FAMILY = "1,2";
			};
			name = Debug;
		};
		2FF56ED02A685E6B0016EE2C /* Release */ = {
			isa = XCBuildConfiguration;
			buildSettings = {
				ASSETCATALOG_COMPILER_APPICON_NAME = AppIcon;
				ASSETCATALOG_COMPILER_GLOBAL_ACCENT_COLOR_NAME = AccentColor;
				CODE_SIGN_STYLE = Automatic;
				CURRENT_PROJECT_VERSION = 1;
				DEVELOPMENT_TEAM = XG5AARXYZ4;
				GENERATE_INFOPLIST_FILE = YES;
				INFOPLIST_FILE = MbcMallApp/Info.plist;
				INFOPLIST_KEY_UIApplicationSupportsIndirectInputEvents = YES;
				INFOPLIST_KEY_UILaunchStoryboardName = LaunchScreen;
				INFOPLIST_KEY_UISupportedInterfaceOrientations_iPad = "UIInterfaceOrientationPortrait UIInterfaceOrientationPortraitUpsideDown UIInterfaceOrientationLandscapeLeft UIInterfaceOrientationLandscapeRight";
				INFOPLIST_KEY_UISupportedInterfaceOrientations_iPhone = "UIInterfaceOrientationPortrait UIInterfaceOrientationLandscapeLeft UIInterfaceOrientationLandscapeRight";
				LD_RUNPATH_SEARCH_PATHS = (
					"$(inherited)",
					"@executable_path/Frameworks",
				);
				MARKETING_VERSION = 1.0;
				PRODUCT_BUNDLE_IDENTIFIER = com.mdionisio.MbcMallApp;
				PRODUCT_NAME = "$(TARGET_NAME)";
				SWIFT_EMIT_LOC_STRINGS = YES;
				SWIFT_VERSION = 5.0;
				TARGETED_DEVICE_FAMILY = "1,2";
			};
			name = Release;
		};
		2FF56ED22A685E6B0016EE2C /* Debug */ = {
			isa = XCBuildConfiguration;
			buildSettings = {
				ALWAYS_EMBED_SWIFT_STANDARD_LIBRARIES = YES;
				BUNDLE_LOADER = "$(TEST_HOST)";
				CODE_SIGN_STYLE = Automatic;
				CURRENT_PROJECT_VERSION = 1;
				GENERATE_INFOPLIST_FILE = YES;
				IPHONEOS_DEPLOYMENT_TARGET = 15.0;
				LD_RUNPATH_SEARCH_PATHS = (
					"$(inherited)",
					"@executable_path/Frameworks",
					"@loader_path/Frameworks",
				);
				MARKETING_VERSION = 1.0;
				PRODUCT_BUNDLE_IDENTIFIER = com.mdionisio.MbcMallAppTests;
				PRODUCT_NAME = "$(TARGET_NAME)";
				SWIFT_EMIT_LOC_STRINGS = NO;
				SWIFT_VERSION = 5.0;
				TARGETED_DEVICE_FAMILY = "1,2";
				TEST_HOST = "$(BUILT_PRODUCTS_DIR)/MbcMallApp.app/MbcMallApp";
			};
			name = Debug;
		};
		2FF56ED32A685E6B0016EE2C /* Release */ = {
			isa = XCBuildConfiguration;
			buildSettings = {
				ALWAYS_EMBED_SWIFT_STANDARD_LIBRARIES = YES;
				BUNDLE_LOADER = "$(TEST_HOST)";
				CODE_SIGN_STYLE = Automatic;
				CURRENT_PROJECT_VERSION = 1;
				GENERATE_INFOPLIST_FILE = YES;
				IPHONEOS_DEPLOYMENT_TARGET = 15.0;
				LD_RUNPATH_SEARCH_PATHS = (
					"$(inherited)",
					"@executable_path/Frameworks",
					"@loader_path/Frameworks",
				);
				MARKETING_VERSION = 1.0;
				PRODUCT_BUNDLE_IDENTIFIER = com.mdionisio.MbcMallAppTests;
				PRODUCT_NAME = "$(TARGET_NAME)";
				SWIFT_EMIT_LOC_STRINGS = NO;
				SWIFT_VERSION = 5.0;
				TARGETED_DEVICE_FAMILY = "1,2";
				TEST_HOST = "$(BUILT_PRODUCTS_DIR)/MbcMallApp.app/MbcMallApp";
			};
			name = Release;
		};
		2FF56ED52A685E6B0016EE2C /* Debug */ = {
			isa = XCBuildConfiguration;
			buildSettings = {
				ALWAYS_EMBED_SWIFT_STANDARD_LIBRARIES = YES;
				CODE_SIGN_STYLE = Automatic;
				CURRENT_PROJECT_VERSION = 1;
				GENERATE_INFOPLIST_FILE = YES;
				LD_RUNPATH_SEARCH_PATHS = (
					"$(inherited)",
					"@executable_path/Frameworks",
					"@loader_path/Frameworks",
				);
				MARKETING_VERSION = 1.0;
				PRODUCT_BUNDLE_IDENTIFIER = com.mdionisio.MbcMallAppUITests;
				PRODUCT_NAME = "$(TARGET_NAME)";
				SWIFT_EMIT_LOC_STRINGS = NO;
				SWIFT_VERSION = 5.0;
				TARGETED_DEVICE_FAMILY = "1,2";
				TEST_TARGET_NAME = MbcMallApp;
			};
			name = Debug;
		};
		2FF56ED62A685E6B0016EE2C /* Release */ = {
			isa = XCBuildConfiguration;
			buildSettings = {
				ALWAYS_EMBED_SWIFT_STANDARD_LIBRARIES = YES;
				CODE_SIGN_STYLE = Automatic;
				CURRENT_PROJECT_VERSION = 1;
				GENERATE_INFOPLIST_FILE = YES;
				LD_RUNPATH_SEARCH_PATHS = (
					"$(inherited)",
					"@executable_path/Frameworks",
					"@loader_path/Frameworks",
				);
				MARKETING_VERSION = 1.0;
				PRODUCT_BUNDLE_IDENTIFIER = com.mdionisio.MbcMallAppUITests;
				PRODUCT_NAME = "$(TARGET_NAME)";
				SWIFT_EMIT_LOC_STRINGS = NO;
				SWIFT_VERSION = 5.0;
				TARGETED_DEVICE_FAMILY = "1,2";
				TEST_TARGET_NAME = MbcMallApp;
			};
			name = Release;
		};
/* End XCBuildConfiguration section */

/* Begin XCConfigurationList section */
		2FF56E9F2A685E690016EE2C /* Build configuration list for PBXProject "MbcMallApp" */ = {
			isa = XCConfigurationList;
			buildConfigurations = (
				2FF56ECC2A685E6B0016EE2C /* Debug */,
				2FF56ECD2A685E6B0016EE2C /* Release */,
			);
			defaultConfigurationIsVisible = 0;
			defaultConfigurationName = Release;
		};
		2FF56ECE2A685E6B0016EE2C /* Build configuration list for PBXNativeTarget "MbcMallApp" */ = {
			isa = XCConfigurationList;
			buildConfigurations = (
				2FF56ECF2A685E6B0016EE2C /* Debug */,
				2FF56ED02A685E6B0016EE2C /* Release */,
			);
			defaultConfigurationIsVisible = 0;
			defaultConfigurationName = Release;
		};
		2FF56ED12A685E6B0016EE2C /* Build configuration list for PBXNativeTarget "MbcMallAppTests" */ = {
			isa = XCConfigurationList;
			buildConfigurations = (
				2FF56ED22A685E6B0016EE2C /* Debug */,
				2FF56ED32A685E6B0016EE2C /* Release */,
			);
			defaultConfigurationIsVisible = 0;
			defaultConfigurationName = Release;
		};
		2FF56ED42A685E6B0016EE2C /* Build configuration list for PBXNativeTarget "MbcMallAppUITests" */ = {
			isa = XCConfigurationList;
			buildConfigurations = (
				2FF56ED52A685E6B0016EE2C /* Debug */,
				2FF56ED62A685E6B0016EE2C /* Release */,
			);
			defaultConfigurationIsVisible = 0;
			defaultConfigurationName = Release;
		};
/* End XCConfigurationList section */
	};
	rootObject = 2FF56E9C2A685E690016EE2C /* Project object */;
}
